
Microsoft Visual Studio Solution File, Format Version 12.00
# Visual Studio Version 17
VisualStudioVersion = 17.9.34622.214
MinimumVisualStudioVersion = 10.0.40219.1
Project("{2150E333-8FDC-42A3-9474-1A3956D46DE8}") = "_Shared", "_Shared", "{EC46265B-A230-40BE-8E7C-7EA1829D72CE}"
EndProject
Project("{2150E333-8FDC-42A3-9474-1A3956D46DE8}") = "Authentication", "Authentication", "{BDE154CB-EA6E-4A69-A509-F487FBCB8901}"
EndProject
Project("{9A19103F-16F7-4668-BE54-9A1E7A4F7556}") = "ERP.APIGateway", "src\_Shared\ERP.APIGateway\ERP.APIGateway.csproj", "{39E49959-62FF-42CB-9387-971062395A78}"
EndProject
Project("{2150E333-8FDC-42A3-9474-1A3956D46DE8}") = "TranscriptGeneration", "TranscriptGeneration", "{8E4978FF-3861-4B80-9834-C09FDD0BD591}"
EndProject
Project("{9A19103F-16F7-4668-BE54-9A1E7A4F7556}") = "ERP.TranscriptGeneration.Api", "src\TranscriptGeneration\ERP.TranscriptGeneration.Api\ERP.TranscriptGeneration.Api.csproj", "{9CD7E19A-8980-4C5A-BC31-68AC7D1348D3}"
EndProject
Project("{9A19103F-16F7-4668-BE54-9A1E7A4F7556}") = "ERP.TranscriptGenetation.Core", "src\TranscriptGeneration\ERP.TranscriptGenetation.Core\ERP.TranscriptGenetation.Core.csproj", "{C73B7BC8-0615-4DD0-8960-FB9FB81D601A}"
EndProject
Project("{9A19103F-16F7-4668-BE54-9A1E7A4F7556}") = "ERP.TranscriptGeneration.Application", "src\TranscriptGeneration\ERP.TranscriptGeneration.Application\ERP.TranscriptGeneration.Application.csproj", "{63AC6C6E-0EAD-4F8A-974B-36927859A642}"
EndProject
Project("{9A19103F-16F7-4668-BE54-9A1E7A4F7556}") = "ERP.TranscriptGeneration.DataService", "src\TranscriptGeneration\ERP.TranscriptGeneration.DataService\ERP.TranscriptGeneration.DataService.csproj", "{F18EA15B-7DDC-4C7E-9759-CA7340042428}"
EndProject
Project("{9A19103F-16F7-4668-BE54-9A1E7A4F7556}") = "ERP.Authentication.Api", "src\Authentication\ERP.Authentication.Api\ERP.Authentication.Api.csproj", "{04D8F551-278B-45DB-81F1-76C3403C77F0}"
EndProject
Project("{9A19103F-16F7-4668-BE54-9A1E7A4F7556}") = "ERP.Authentication.Jwt", "src\Authentication\ERP.Authentication.Jwt\ERP.Authentication.Jwt.csproj", "{964CF3A8-9CB5-4DC2-AD2B-8D57F99E02DA}"
EndProject
Project("{9A19103F-16F7-4668-BE54-9A1E7A4F7556}") = "ERP.TranscriptGeneration.Tests", "src\TranscriptGeneration\ERP.TranscriptGeneration.Tests\ERP.TranscriptGeneration.Tests.csproj", "{E45DD87D-FE0C-49B6-9062-308AF2DF2A8E}"
EndProject
Project("{9A19103F-16F7-4668-BE54-9A1E7A4F7556}") = "ERP.Messaging.Core", "src\_Shared\ERP.Messaging.Core\ERP.Messaging.Core.csproj", "{FAF37B32-974A-48A8-87DC-AC0DBA828645}"
EndProject
Project("{9A19103F-16F7-4668-BE54-9A1E7A4F7556}") = "ERP.Authentication.Core", "src\Authentication\ERP.Authentication.Core\ERP.Authentication.Core.csproj", "{BA45795D-1B78-43C5-B08A-FAEE4B58BE86}"
EndProject
Project("{9A19103F-16F7-4668-BE54-9A1E7A4F7556}") = "ERP.Authentication.DataService", "src\Authentication\ERP.Authentication.DataService\ERP.Authentication.DataService.csproj", "{15095E12-3F2B-4492-9C84-4D037FEDF594}"
EndProject
Project("{2150E333-8FDC-42A3-9474-1A3956D46DE8}") = "Announcements", "Announcements", "{967A94B1-ED47-4D97-9F6D-CBEF93819966}"
EndProject
Project("{9A19103F-16F7-4668-BE54-9A1E7A4F7556}") = "ERP.Announcements.Api", "src\Announcements\ERP.Announcements.APi\ERP.Announcements.Api.csproj", "{40F79096-CD65-408F-98AC-BD9D59830874}"
EndProject
Project("{9A19103F-16F7-4668-BE54-9A1E7A4F7556}") = "ERP.Announcements.Application", "src\Announcements\ERP.Announcements.Application\ERP.Announcements.Application.csproj", "{C8250238-1301-4C6B-A4F1-192670DEBA2D}"
EndProject
Project("{9A19103F-16F7-4668-BE54-9A1E7A4F7556}") = "ERP.Announcements.Core", "src\Announcements\ERP.Announcements.Core\ERP.Announcements.Core.csproj", "{587B5D45-EAA5-4017-A19A-1E87951ACED8}"
EndProject
Project("{2150E333-8FDC-42A3-9474-1A3956D46DE8}") = "StudentFeedback", "StudentFeedback", "{D50A3399-6469-4CB4-A53D-3BE5ED7F35DA}"
EndProject
Project("{9A19103F-16F7-4668-BE54-9A1E7A4F7556}") = "ERP.StudentFeedback.Api", "src\StudentFeedback\ERP.StudentFeedback.Api\ERP.StudentFeedback.Api.csproj", "{C0683D1C-DD0C-4E23-853F-0C0E9832AB64}"
EndProject
Project("{9A19103F-16F7-4668-BE54-9A1E7A4F7556}") = "ERP.StudentFeedback.DataService", "src\StudentFeedback\ERP.StudentFeedback.DataService\ERP.StudentFeedback.DataService.csproj", "{31020655-EE69-4D40-A438-0E13D52C4E6C}"
EndProject
Project("{9A19103F-16F7-4668-BE54-9A1E7A4F7556}") = "ERP.StudentFeedback.Application", "src\StudentFeedback\ERP.StudentFeedback.Application\ERP.StudentFeedback.Application.csproj", "{527E40CE-2773-4778-BA4B-59632CFED6FA}"
EndProject
Project("{9A19103F-16F7-4668-BE54-9A1E7A4F7556}") = "ERP.StudentFeedback.Core", "src\StudentFeedback\ERP.StudentFeedback.Core\ERP.StudentFeedback.Core.csproj", "{06888D1D-BF6F-4859-A812-F051C5D6FE0A}"
EndProject
Project("{2150E333-8FDC-42A3-9474-1A3956D46DE8}") = "StudentRequests", "StudentRequests", "{80CF0964-B529-4450-AF2A-4B4ED25D30B7}"
EndProject
Project("{9A19103F-16F7-4668-BE54-9A1E7A4F7556}") = "ERP.StudentRequests.Api", "src\StudentRequests\ERP.StudentRequests.Api\ERP.StudentRequests.Api.csproj", "{3721723A-3729-4E10-A016-6BC246A2E40C}"
	ProjectSection(ProjectDependencies) = postProject
		{02170177-1F80-4F96-8912-BE8E156CD18E} = {02170177-1F80-4F96-8912-BE8E156CD18E}
		{6B72A4FC-0F96-4DA1-A338-0EE3DD29A71D} = {6B72A4FC-0F96-4DA1-A338-0EE3DD29A71D}
		{6C5431E7-66AC-46B3-88A1-0794D9B2B3F0} = {6C5431E7-66AC-46B3-88A1-0794D9B2B3F0}
	EndProjectSection
EndProject
Project("{9A19103F-16F7-4668-BE54-9A1E7A4F7556}") = "ERP.StudentRequests.DataService", "src\StudentRequests\ERP.StudentRequests.DataService\ERP.StudentRequests.DataService.csproj", "{02170177-1F80-4F96-8912-BE8E156CD18E}"
EndProject
Project("{9A19103F-16F7-4668-BE54-9A1E7A4F7556}") = "ERP.StudentRequests.Application", "src\StudentRequests\ERP.StudentRequests.Application\ERP.StudentRequests.Application.csproj", "{6B72A4FC-0F96-4DA1-A338-0EE3DD29A71D}"
	ProjectSection(ProjectDependencies) = postProject
		{02170177-1F80-4F96-8912-BE8E156CD18E} = {02170177-1F80-4F96-8912-BE8E156CD18E}
		{6C5431E7-66AC-46B3-88A1-0794D9B2B3F0} = {6C5431E7-66AC-46B3-88A1-0794D9B2B3F0}
	EndProjectSection
EndProject
Project("{9A19103F-16F7-4668-BE54-9A1E7A4F7556}") = "ERP.StudentRequests.Core", "src\StudentRequests\ERP.StudentRequests.Core\ERP.StudentRequests.Core.csproj", "{6C5431E7-66AC-46B3-88A1-0794D9B2B3F0}"
EndProject
Project("{2150E333-8FDC-42A3-9474-1A3956D46DE8}") = "StudentRegistration", "StudentRegistration", "{473E2D64-C074-4E97-BF7A-062AC6BCE8A8}"
EndProject
Project("{9A19103F-16F7-4668-BE54-9A1E7A4F7556}") = "ERP.StudentRegistration.Api", "src\StudentRegistration\ERP.StudentRegistration.Api\ERP.StudentRegistration.Api.csproj", "{DD661499-89B9-4D3B-8FDC-1CAED7377EBD}"
EndProject
Project("{9A19103F-16F7-4668-BE54-9A1E7A4F7556}") = "ERP.StudentRegistration.Application", "src\StudentRegistration\ERP.StudentRegistration.Application\ERP.StudentRegistration.Application.csproj", "{4767ED30-91CD-426A-ACE9-21BE1644F055}"
EndProject
Project("{9A19103F-16F7-4668-BE54-9A1E7A4F7556}") = "ERP.StudentRegistration.Core", "src\StudentRegistration\ERP.StudentRegistration.Core\ERP.StudentRegistration.Core.csproj", "{1FF95352-5DB5-4F35-A1F5-233614C3D47C}"
EndProject
Project("{9A19103F-16F7-4668-BE54-9A1E7A4F7556}") = "ERP.StudentRegistration.DataService", "src\StudentRegistration\ERP.StudentRegistration.DataService\ERP.StudentRegistration.DataService.csproj", "{CC2EAA8B-2741-4660-B986-F41E4A496F2F}"
EndProject
Project("{9A19103F-16F7-4668-BE54-9A1E7A4F7556}") = "ERP.Announcements.DataService", "src\Announcements\ERP.Announcements.DataService\ERP.Announcements.DataService.csproj", "{156B1B1F-1A75-485C-BF89-2FE4CB0264FA}"
EndProject
Project("{2150E333-8FDC-42A3-9474-1A3956D46DE8}") = "Infrastructure", "Infrastructure", "{F4CF1411-F9AC-45A2-BB77-7394DF3596FD}"
	ProjectSection(SolutionItems) = preProject
		src\StudentRequests\Infrastructure\docker-compose.yml = src\StudentRequests\Infrastructure\docker-compose.yml
	EndProjectSection
EndProject
Project("{2150E333-8FDC-42A3-9474-1A3956D46DE8}") = "UnitTests", "UnitTests", "{FADA3AB0-B471-40D1-B3A8-21986BDBF882}"
EndProject
Project("{9A19103F-16F7-4668-BE54-9A1E7A4F7556}") = "ERP.StudentRequests.Core.Tests", "src\StudentRequests\UnitTests\ERP.StudentRequests.Core.Tests\ERP.StudentRequests.Core.Tests.csproj", "{5D3A3E81-E069-4AA3-BD36-28A445C97C03}"
EndProject
Project("{9A19103F-16F7-4668-BE54-9A1E7A4F7556}") = "ERP.StudentRequests.Api.Tests", "src\StudentRequests\UnitTests\ERP.StudentRequests.Api.Tests\ERP.StudentRequests.Api.Tests.csproj", "{6A7BFC5C-C5DC-4083-8038-3863719239BC}"
EndProject
Project("{2150E333-8FDC-42A3-9474-1A3956D46DE8}") = "_ProjectInfrastructure", "_ProjectInfrastructure", "{96C93B25-18DE-45E1-AF56-F8E4E7ECD6C7}"
	ProjectSection(SolutionItems) = preProject
		docker-compose.yml = docker-compose.yml
	EndProjectSection
EndProject
Global
	GlobalSection(SolutionConfigurationPlatforms) = preSolution
		Debug|Any CPU = Debug|Any CPU
		Release|Any CPU = Release|Any CPU
	EndGlobalSection
	GlobalSection(ProjectConfigurationPlatforms) = postSolution
		{39E49959-62FF-42CB-9387-971062395A78}.Debug|Any CPU.ActiveCfg = Debug|Any CPU
		{39E49959-62FF-42CB-9387-971062395A78}.Debug|Any CPU.Build.0 = Debug|Any CPU
		{39E49959-62FF-42CB-9387-971062395A78}.Release|Any CPU.ActiveCfg = Release|Any CPU
		{39E49959-62FF-42CB-9387-971062395A78}.Release|Any CPU.Build.0 = Release|Any CPU
		{9CD7E19A-8980-4C5A-BC31-68AC7D1348D3}.Debug|Any CPU.ActiveCfg = Debug|Any CPU
		{9CD7E19A-8980-4C5A-BC31-68AC7D1348D3}.Debug|Any CPU.Build.0 = Debug|Any CPU
		{9CD7E19A-8980-4C5A-BC31-68AC7D1348D3}.Release|Any CPU.ActiveCfg = Release|Any CPU
		{9CD7E19A-8980-4C5A-BC31-68AC7D1348D3}.Release|Any CPU.Build.0 = Release|Any CPU
		{C73B7BC8-0615-4DD0-8960-FB9FB81D601A}.Debug|Any CPU.ActiveCfg = Debug|Any CPU
		{C73B7BC8-0615-4DD0-8960-FB9FB81D601A}.Debug|Any CPU.Build.0 = Debug|Any CPU
		{C73B7BC8-0615-4DD0-8960-FB9FB81D601A}.Release|Any CPU.ActiveCfg = Release|Any CPU
		{C73B7BC8-0615-4DD0-8960-FB9FB81D601A}.Release|Any CPU.Build.0 = Release|Any CPU
		{63AC6C6E-0EAD-4F8A-974B-36927859A642}.Debug|Any CPU.ActiveCfg = Debug|Any CPU
		{63AC6C6E-0EAD-4F8A-974B-36927859A642}.Debug|Any CPU.Build.0 = Debug|Any CPU
		{63AC6C6E-0EAD-4F8A-974B-36927859A642}.Release|Any CPU.ActiveCfg = Release|Any CPU
		{63AC6C6E-0EAD-4F8A-974B-36927859A642}.Release|Any CPU.Build.0 = Release|Any CPU
		{F18EA15B-7DDC-4C7E-9759-CA7340042428}.Debug|Any CPU.ActiveCfg = Debug|Any CPU
		{F18EA15B-7DDC-4C7E-9759-CA7340042428}.Debug|Any CPU.Build.0 = Debug|Any CPU
		{F18EA15B-7DDC-4C7E-9759-CA7340042428}.Release|Any CPU.ActiveCfg = Release|Any CPU
		{F18EA15B-7DDC-4C7E-9759-CA7340042428}.Release|Any CPU.Build.0 = Release|Any CPU
		{04D8F551-278B-45DB-81F1-76C3403C77F0}.Debug|Any CPU.ActiveCfg = Debug|Any CPU
		{04D8F551-278B-45DB-81F1-76C3403C77F0}.Debug|Any CPU.Build.0 = Debug|Any CPU
		{04D8F551-278B-45DB-81F1-76C3403C77F0}.Release|Any CPU.ActiveCfg = Release|Any CPU
		{04D8F551-278B-45DB-81F1-76C3403C77F0}.Release|Any CPU.Build.0 = Release|Any CPU
		{964CF3A8-9CB5-4DC2-AD2B-8D57F99E02DA}.Debug|Any CPU.ActiveCfg = Debug|Any CPU
		{964CF3A8-9CB5-4DC2-AD2B-8D57F99E02DA}.Debug|Any CPU.Build.0 = Debug|Any CPU
		{964CF3A8-9CB5-4DC2-AD2B-8D57F99E02DA}.Release|Any CPU.ActiveCfg = Release|Any CPU
		{964CF3A8-9CB5-4DC2-AD2B-8D57F99E02DA}.Release|Any CPU.Build.0 = Release|Any CPU
		{E45DD87D-FE0C-49B6-9062-308AF2DF2A8E}.Debug|Any CPU.ActiveCfg = Debug|Any CPU
		{E45DD87D-FE0C-49B6-9062-308AF2DF2A8E}.Debug|Any CPU.Build.0 = Debug|Any CPU
		{E45DD87D-FE0C-49B6-9062-308AF2DF2A8E}.Release|Any CPU.ActiveCfg = Release|Any CPU
		{E45DD87D-FE0C-49B6-9062-308AF2DF2A8E}.Release|Any CPU.Build.0 = Release|Any CPU
		{FAF37B32-974A-48A8-87DC-AC0DBA828645}.Debug|Any CPU.ActiveCfg = Debug|Any CPU
		{FAF37B32-974A-48A8-87DC-AC0DBA828645}.Debug|Any CPU.Build.0 = Debug|Any CPU
		{FAF37B32-974A-48A8-87DC-AC0DBA828645}.Release|Any CPU.ActiveCfg = Release|Any CPU
		{FAF37B32-974A-48A8-87DC-AC0DBA828645}.Release|Any CPU.Build.0 = Release|Any CPU
		{BA45795D-1B78-43C5-B08A-FAEE4B58BE86}.Debug|Any CPU.ActiveCfg = Debug|Any CPU
		{BA45795D-1B78-43C5-B08A-FAEE4B58BE86}.Debug|Any CPU.Build.0 = Debug|Any CPU
		{BA45795D-1B78-43C5-B08A-FAEE4B58BE86}.Release|Any CPU.ActiveCfg = Release|Any CPU
		{BA45795D-1B78-43C5-B08A-FAEE4B58BE86}.Release|Any CPU.Build.0 = Release|Any CPU
		{15095E12-3F2B-4492-9C84-4D037FEDF594}.Debug|Any CPU.ActiveCfg = Debug|Any CPU
		{15095E12-3F2B-4492-9C84-4D037FEDF594}.Debug|Any CPU.Build.0 = Debug|Any CPU
		{15095E12-3F2B-4492-9C84-4D037FEDF594}.Release|Any CPU.ActiveCfg = Release|Any CPU
		{15095E12-3F2B-4492-9C84-4D037FEDF594}.Release|Any CPU.Build.0 = Release|Any CPU
		{40F79096-CD65-408F-98AC-BD9D59830874}.Debug|Any CPU.ActiveCfg = Debug|Any CPU
		{40F79096-CD65-408F-98AC-BD9D59830874}.Debug|Any CPU.Build.0 = Debug|Any CPU
		{40F79096-CD65-408F-98AC-BD9D59830874}.Release|Any CPU.ActiveCfg = Release|Any CPU
		{40F79096-CD65-408F-98AC-BD9D59830874}.Release|Any CPU.Build.0 = Release|Any CPU
		{C8250238-1301-4C6B-A4F1-192670DEBA2D}.Debug|Any CPU.ActiveCfg = Debug|Any CPU
		{C8250238-1301-4C6B-A4F1-192670DEBA2D}.Debug|Any CPU.Build.0 = Debug|Any CPU
		{C8250238-1301-4C6B-A4F1-192670DEBA2D}.Release|Any CPU.ActiveCfg = Release|Any CPU
		{C8250238-1301-4C6B-A4F1-192670DEBA2D}.Release|Any CPU.Build.0 = Release|Any CPU
		{587B5D45-EAA5-4017-A19A-1E87951ACED8}.Debug|Any CPU.ActiveCfg = Debug|Any CPU
		{587B5D45-EAA5-4017-A19A-1E87951ACED8}.Debug|Any CPU.Build.0 = Debug|Any CPU
		{587B5D45-EAA5-4017-A19A-1E87951ACED8}.Release|Any CPU.ActiveCfg = Release|Any CPU
		{587B5D45-EAA5-4017-A19A-1E87951ACED8}.Release|Any CPU.Build.0 = Release|Any CPU
		{C0683D1C-DD0C-4E23-853F-0C0E9832AB64}.Debug|Any CPU.ActiveCfg = Debug|Any CPU
		{C0683D1C-DD0C-4E23-853F-0C0E9832AB64}.Debug|Any CPU.Build.0 = Debug|Any CPU
		{C0683D1C-DD0C-4E23-853F-0C0E9832AB64}.Release|Any CPU.ActiveCfg = Release|Any CPU
		{C0683D1C-DD0C-4E23-853F-0C0E9832AB64}.Release|Any CPU.Build.0 = Release|Any CPU
		{31020655-EE69-4D40-A438-0E13D52C4E6C}.Debug|Any CPU.ActiveCfg = Debug|Any CPU
		{31020655-EE69-4D40-A438-0E13D52C4E6C}.Debug|Any CPU.Build.0 = Debug|Any CPU
		{31020655-EE69-4D40-A438-0E13D52C4E6C}.Release|Any CPU.ActiveCfg = Release|Any CPU
		{31020655-EE69-4D40-A438-0E13D52C4E6C}.Release|Any CPU.Build.0 = Release|Any CPU
		{527E40CE-2773-4778-BA4B-59632CFED6FA}.Debug|Any CPU.ActiveCfg = Debug|Any CPU
		{527E40CE-2773-4778-BA4B-59632CFED6FA}.Debug|Any CPU.Build.0 = Debug|Any CPU
		{527E40CE-2773-4778-BA4B-59632CFED6FA}.Release|Any CPU.ActiveCfg = Release|Any CPU
		{527E40CE-2773-4778-BA4B-59632CFED6FA}.Release|Any CPU.Build.0 = Release|Any CPU
		{06888D1D-BF6F-4859-A812-F051C5D6FE0A}.Debug|Any CPU.ActiveCfg = Debug|Any CPU
		{06888D1D-BF6F-4859-A812-F051C5D6FE0A}.Debug|Any CPU.Build.0 = Debug|Any CPU
		{06888D1D-BF6F-4859-A812-F051C5D6FE0A}.Release|Any CPU.ActiveCfg = Release|Any CPU
		{06888D1D-BF6F-4859-A812-F051C5D6FE0A}.Release|Any CPU.Build.0 = Release|Any CPU
		{3721723A-3729-4E10-A016-6BC246A2E40C}.Debug|Any CPU.ActiveCfg = Debug|Any CPU
		{3721723A-3729-4E10-A016-6BC246A2E40C}.Debug|Any CPU.Build.0 = Debug|Any CPU
		{3721723A-3729-4E10-A016-6BC246A2E40C}.Release|Any CPU.ActiveCfg = Release|Any CPU
		{3721723A-3729-4E10-A016-6BC246A2E40C}.Release|Any CPU.Build.0 = Release|Any CPU
		{02170177-1F80-4F96-8912-BE8E156CD18E}.Debug|Any CPU.ActiveCfg = Debug|Any CPU
		{02170177-1F80-4F96-8912-BE8E156CD18E}.Debug|Any CPU.Build.0 = Debug|Any CPU
		{02170177-1F80-4F96-8912-BE8E156CD18E}.Release|Any CPU.ActiveCfg = Release|Any CPU
		{02170177-1F80-4F96-8912-BE8E156CD18E}.Release|Any CPU.Build.0 = Release|Any CPU
		{6B72A4FC-0F96-4DA1-A338-0EE3DD29A71D}.Debug|Any CPU.ActiveCfg = Debug|Any CPU
		{6B72A4FC-0F96-4DA1-A338-0EE3DD29A71D}.Debug|Any CPU.Build.0 = Debug|Any CPU
		{6B72A4FC-0F96-4DA1-A338-0EE3DD29A71D}.Release|Any CPU.ActiveCfg = Release|Any CPU
		{6B72A4FC-0F96-4DA1-A338-0EE3DD29A71D}.Release|Any CPU.Build.0 = Release|Any CPU
		{6C5431E7-66AC-46B3-88A1-0794D9B2B3F0}.Debug|Any CPU.ActiveCfg = Debug|Any CPU
		{6C5431E7-66AC-46B3-88A1-0794D9B2B3F0}.Debug|Any CPU.Build.0 = Debug|Any CPU
		{6C5431E7-66AC-46B3-88A1-0794D9B2B3F0}.Release|Any CPU.ActiveCfg = Release|Any CPU
		{6C5431E7-66AC-46B3-88A1-0794D9B2B3F0}.Release|Any CPU.Build.0 = Release|Any CPU
		{DD661499-89B9-4D3B-8FDC-1CAED7377EBD}.Debug|Any CPU.ActiveCfg = Debug|Any CPU
		{DD661499-89B9-4D3B-8FDC-1CAED7377EBD}.Debug|Any CPU.Build.0 = Debug|Any CPU
		{DD661499-89B9-4D3B-8FDC-1CAED7377EBD}.Release|Any CPU.ActiveCfg = Release|Any CPU
		{DD661499-89B9-4D3B-8FDC-1CAED7377EBD}.Release|Any CPU.Build.0 = Release|Any CPU
		{4767ED30-91CD-426A-ACE9-21BE1644F055}.Debug|Any CPU.ActiveCfg = Debug|Any CPU
		{4767ED30-91CD-426A-ACE9-21BE1644F055}.Debug|Any CPU.Build.0 = Debug|Any CPU
		{4767ED30-91CD-426A-ACE9-21BE1644F055}.Release|Any CPU.ActiveCfg = Release|Any CPU
		{4767ED30-91CD-426A-ACE9-21BE1644F055}.Release|Any CPU.Build.0 = Release|Any CPU
		{1FF95352-5DB5-4F35-A1F5-233614C3D47C}.Debug|Any CPU.ActiveCfg = Debug|Any CPU
		{1FF95352-5DB5-4F35-A1F5-233614C3D47C}.Debug|Any CPU.Build.0 = Debug|Any CPU
		{1FF95352-5DB5-4F35-A1F5-233614C3D47C}.Release|Any CPU.ActiveCfg = Release|Any CPU
		{1FF95352-5DB5-4F35-A1F5-233614C3D47C}.Release|Any CPU.Build.0 = Release|Any CPU
		{CC2EAA8B-2741-4660-B986-F41E4A496F2F}.Debug|Any CPU.ActiveCfg = Debug|Any CPU
		{CC2EAA8B-2741-4660-B986-F41E4A496F2F}.Debug|Any CPU.Build.0 = Debug|Any CPU
		{CC2EAA8B-2741-4660-B986-F41E4A496F2F}.Release|Any CPU.ActiveCfg = Release|Any CPU
		{CC2EAA8B-2741-4660-B986-F41E4A496F2F}.Release|Any CPU.Build.0 = Release|Any CPU
		{156B1B1F-1A75-485C-BF89-2FE4CB0264FA}.Debug|Any CPU.ActiveCfg = Debug|Any CPU
		{156B1B1F-1A75-485C-BF89-2FE4CB0264FA}.Debug|Any CPU.Build.0 = Debug|Any CPU
		{156B1B1F-1A75-485C-BF89-2FE4CB0264FA}.Release|Any CPU.ActiveCfg = Release|Any CPU
		{156B1B1F-1A75-485C-BF89-2FE4CB0264FA}.Release|Any CPU.Build.0 = Release|Any CPU
		{5D3A3E81-E069-4AA3-BD36-28A445C97C03}.Debug|Any CPU.ActiveCfg = Debug|Any CPU
		{5D3A3E81-E069-4AA3-BD36-28A445C97C03}.Debug|Any CPU.Build.0 = Debug|Any CPU
		{5D3A3E81-E069-4AA3-BD36-28A445C97C03}.Release|Any CPU.ActiveCfg = Release|Any CPU
		{5D3A3E81-E069-4AA3-BD36-28A445C97C03}.Release|Any CPU.Build.0 = Release|Any CPU
		{6A7BFC5C-C5DC-4083-8038-3863719239BC}.Debug|Any CPU.ActiveCfg = Debug|Any CPU
		{6A7BFC5C-C5DC-4083-8038-3863719239BC}.Debug|Any CPU.Build.0 = Debug|Any CPU
		{6A7BFC5C-C5DC-4083-8038-3863719239BC}.Release|Any CPU.ActiveCfg = Release|Any CPU
		{6A7BFC5C-C5DC-4083-8038-3863719239BC}.Release|Any CPU.Build.0 = Release|Any CPU
	EndGlobalSection
	GlobalSection(SolutionProperties) = preSolution
		HideSolutionNode = FALSE
	EndGlobalSection
	GlobalSection(NestedProjects) = preSolution
		{39E49959-62FF-42CB-9387-971062395A78} = {EC46265B-A230-40BE-8E7C-7EA1829D72CE}
		{9CD7E19A-8980-4C5A-BC31-68AC7D1348D3} = {8E4978FF-3861-4B80-9834-C09FDD0BD591}
		{C73B7BC8-0615-4DD0-8960-FB9FB81D601A} = {8E4978FF-3861-4B80-9834-C09FDD0BD591}
		{63AC6C6E-0EAD-4F8A-974B-36927859A642} = {8E4978FF-3861-4B80-9834-C09FDD0BD591}
		{F18EA15B-7DDC-4C7E-9759-CA7340042428} = {8E4978FF-3861-4B80-9834-C09FDD0BD591}
		{04D8F551-278B-45DB-81F1-76C3403C77F0} = {BDE154CB-EA6E-4A69-A509-F487FBCB8901}
		{964CF3A8-9CB5-4DC2-AD2B-8D57F99E02DA} = {BDE154CB-EA6E-4A69-A509-F487FBCB8901}
		{E45DD87D-FE0C-49B6-9062-308AF2DF2A8E} = {8E4978FF-3861-4B80-9834-C09FDD0BD591}
		{FAF37B32-974A-48A8-87DC-AC0DBA828645} = {EC46265B-A230-40BE-8E7C-7EA1829D72CE}
		{BA45795D-1B78-43C5-B08A-FAEE4B58BE86} = {BDE154CB-EA6E-4A69-A509-F487FBCB8901}
		{15095E12-3F2B-4492-9C84-4D037FEDF594} = {BDE154CB-EA6E-4A69-A509-F487FBCB8901}
		{40F79096-CD65-408F-98AC-BD9D59830874} = {967A94B1-ED47-4D97-9F6D-CBEF93819966}
		{C8250238-1301-4C6B-A4F1-192670DEBA2D} = {967A94B1-ED47-4D97-9F6D-CBEF93819966}
		{587B5D45-EAA5-4017-A19A-1E87951ACED8} = {967A94B1-ED47-4D97-9F6D-CBEF93819966}
		{C0683D1C-DD0C-4E23-853F-0C0E9832AB64} = {D50A3399-6469-4CB4-A53D-3BE5ED7F35DA}
		{31020655-EE69-4D40-A438-0E13D52C4E6C} = {D50A3399-6469-4CB4-A53D-3BE5ED7F35DA}
		{527E40CE-2773-4778-BA4B-59632CFED6FA} = {D50A3399-6469-4CB4-A53D-3BE5ED7F35DA}
		{06888D1D-BF6F-4859-A812-F051C5D6FE0A} = {D50A3399-6469-4CB4-A53D-3BE5ED7F35DA}
		{3721723A-3729-4E10-A016-6BC246A2E40C} = {80CF0964-B529-4450-AF2A-4B4ED25D30B7}
		{02170177-1F80-4F96-8912-BE8E156CD18E} = {80CF0964-B529-4450-AF2A-4B4ED25D30B7}
		{6B72A4FC-0F96-4DA1-A338-0EE3DD29A71D} = {80CF0964-B529-4450-AF2A-4B4ED25D30B7}
		{6C5431E7-66AC-46B3-88A1-0794D9B2B3F0} = {80CF0964-B529-4450-AF2A-4B4ED25D30B7}
		{DD661499-89B9-4D3B-8FDC-1CAED7377EBD} = {473E2D64-C074-4E97-BF7A-062AC6BCE8A8}
		{4767ED30-91CD-426A-ACE9-21BE1644F055} = {473E2D64-C074-4E97-BF7A-062AC6BCE8A8}
		{1FF95352-5DB5-4F35-A1F5-233614C3D47C} = {473E2D64-C074-4E97-BF7A-062AC6BCE8A8}
		{CC2EAA8B-2741-4660-B986-F41E4A496F2F} = {473E2D64-C074-4E97-BF7A-062AC6BCE8A8}
		{156B1B1F-1A75-485C-BF89-2FE4CB0264FA} = {967A94B1-ED47-4D97-9F6D-CBEF93819966}
		{F4CF1411-F9AC-45A2-BB77-7394DF3596FD} = {80CF0964-B529-4450-AF2A-4B4ED25D30B7}
		{FADA3AB0-B471-40D1-B3A8-21986BDBF882} = {80CF0964-B529-4450-AF2A-4B4ED25D30B7}
		{5D3A3E81-E069-4AA3-BD36-28A445C97C03} = {FADA3AB0-B471-40D1-B3A8-21986BDBF882}
		{6A7BFC5C-C5DC-4083-8038-3863719239BC} = {FADA3AB0-B471-40D1-B3A8-21986BDBF882}
	EndGlobalSection
	GlobalSection(ExtensibilityGlobals) = postSolution
		SolutionGuid = {EFC59B45-8A1B-45B0-AA0C-9897743CD009}
	EndGlobalSection
EndGlobal
